{
  "name": "Brief_SoundBoard",
  "version": "1.0.0",
  "lockfileVersion": 1,
  "requires": true,
  "dependencies": {
    "main": {
      "version": "1000.0.1",
      "resolved": "https://registry.npmjs.org/main/-/main-1000.0.1.tgz",
      "integrity": "sha512-zhB0yIsogMo0xGJEusCzS4I13ejvhEJ1MOWi1OR4n77HyhlqgvNNwhOOt5moSdTYd+Vi8B4wPE/MDmhquNHxrA=="
    }
  }
}
